
Microsoft Visual Studio Solution File, Format Version 12.00
# Visual Studio Version 17
VisualStudioVersion = 17.11.35327.3
MinimumVisualStudioVersion = 10.0.40219.1
Project("{FAE04EC0-301F-11D3-BF4B-00C04F79EFBC}") = "Math Calculations App", "Math Calculations App\Math Calculations App.csproj", "{1B17AF23-0C6E-44CB-BC5D-1F97DDFD6C77}"
EndProject
Global
	GlobalSection(SolutionConfigurationPlatforms) = preSolution
		Debug|Any CPU = Debug|Any CPU
		Release|Any CPU = Release|Any CPU
	EndGlobalSection
	GlobalSection(ProjectConfigurationPlatforms) = postSolution
		{1B17AF23-0C6E-44CB-BC5D-1F97DDFD6C77}.Debug|Any CPU.ActiveCfg = Debug|Any CPU
		{1B17AF23-0C6E-44CB-BC5D-1F97DDFD6C77}.Debug|Any CPU.Build.0 = Debug|Any CPU
		{1B17AF23-0C6E-44CB-BC5D-1F97DDFD6C77}.Release|Any CPU.ActiveCfg = Release|Any CPU
		{1B17AF23-0C6E-44CB-BC5D-1F97DDFD6C77}.Release|Any CPU.Build.0 = Release|Any CPU
	EndGlobalSection
	GlobalSection(SolutionProperties) = preSolution
		HideSolutionNode = FALSE
	EndGlobalSection
	GlobalSection(ExtensibilityGlobals) = postSolution
		SolutionGuid = {BE516F85-A2BC-43E6-9A57-81846E74EDBF}
	EndGlobalSection
EndGlobal
